
Microsoft Visual Studio Solution File, Format Version 12.00
# Visual Studio Version 17
VisualStudioVersion = 17.5.002.0
MinimumVisualStudioVersion = 10.0.40219.1
Project("{9A19103F-16F7-4668-BE54-9A1E7A4F7556}") = "Restaurants.API", "Restaurants.API\Restaurants.API.csproj", "{24E8907B-2433-4A87-A97E-6010F3717B7E}"
EndProject
EndProject
Project("{9A19103F-16F7-4668-BE54-9A1E7A4F7556}") = "Restaurants.Domain", "Restaurants.Domain\Restaurants.Domain.csproj", "{F47D5330-D922-45B4-82DA-71738990259F}"
EndProject
Project("{9A19103F-16F7-4668-BE54-9A1E7A4F7556}") = "Restaurants.Application", "Restaurants.Application\Restaurants.Application.csproj", "{670F7058-E78C-4E41-8254-B6C5CE0614B8}"
EndProject
Project("{9A19103F-16F7-4668-BE54-9A1E7A4F7556}") = "Restaurants.Infrastructure", "Restaurants.Infrastructure\Restaurants.Infrastructure.csproj", "{8B52FB8F-B75F-40EE-BD3A-F03DA4BCA01C}"
EndProject
Project("{FAE04EC0-301F-11D3-BF4B-00C04F79EFBC}") = "Restaurants.Application.Tests", "Restaurants.Application.Tests\Restaurants.Application.Tests.csproj", "{7819062B-D0A1-4905-AC0E-87D57C900A80}"
EndProject
	GlobalSection(SolutionConfigurationPlatforms) = preSolution
		Debug|Any CPU = Debug|Any CPU
		Release|Any CPU = Release|Any CPU
	EndGlobalSection
	GlobalSection(ProjectConfigurationPlatforms) = postSolution
		{24E8907B-2433-4A87-A97E-6010F3717B7E}.Debug|Any CPU.ActiveCfg = Debug|Any CPU
		{24E8907B-2433-4A87-A97E-6010F3717B7E}.Debug|Any CPU.Build.0 = Debug|Any CPU
		{24E8907B-2433-4A87-A97E-6010F3717B7E}.Release|Any CPU.ActiveCfg = Release|Any CPU
		{24E8907B-2433-4A87-A97E-6010F3717B7E}.Release|Any CPU.Build.0 = Release|Any CPU
		{091F9658-7390-4FB9-A8CC-D51C14C15772}.Debug|Any CPU.ActiveCfg = Debug|Any CPU
		{091F9658-7390-4FB9-A8CC-D51C14C15772}.Debug|Any CPU.Build.0 = Debug|Any CPU
		{091F9658-7390-4FB9-A8CC-D51C14C15772}.Release|Any CPU.ActiveCfg = Release|Any CPU
		{091F9658-7390-4FB9-A8CC-D51C14C15772}.Release|Any CPU.Build.0 = Release|Any CPU
		{83C1024B-8E01-48AD-886B-C5F88A260162}.Debug|Any CPU.ActiveCfg = Debug|Any CPU
		{83C1024B-8E01-48AD-886B-C5F88A260162}.Debug|Any CPU.Build.0 = Debug|Any CPU
		{83C1024B-8E01-48AD-886B-C5F88A260162}.Release|Any CPU.ActiveCfg = Release|Any CPU
		{83C1024B-8E01-48AD-886B-C5F88A260162}.Release|Any CPU.Build.0 = Release|Any CPU
		{F595EE23-9D46-4677-9BF7-595B5B010AB5}.Debug|Any CPU.ActiveCfg = Debug|Any CPU
		{F595EE23-9D46-4677-9BF7-595B5B010AB5}.Debug|Any CPU.Build.0 = Debug|Any CPU
		{F595EE23-9D46-4677-9BF7-595B5B010AB5}.Release|Any CPU.ActiveCfg = Release|Any CPU
		{F595EE23-9D46-4677-9BF7-595B5B010AB5}.Release|Any CPU.Build.0 = Release|Any CPU
	EndGlobalSection
	GlobalSection(SolutionProperties) = preSolution
		HideSolutionNode = FALSE
	EndGlobalSection
	GlobalSection(ExtensibilityGlobals) = postSolution
		SolutionGuid = {3B82ECD6-36FA-4E6C-8880-F104E5BB49CE}
	
			{7819062B-D0A1-4905-AC0E-87D57C900A80}.Debug|Any CPU.ActiveCfg = Debug|Any CPU
		{7819062B-D0A1-4905-AC0E-87D57C900A80}.Debug|Any CPU.Build.0 = Debug|Any CPU
		{7819062B-D0A1-4905-AC0E-87D57C900A80}.Release|Any CPU.ActiveCfg = Release|Any CPU
		{7819062B-D0A1-4905-AC0E-87D57C900A80}.Release|Any CPU.Build.0 = Release|Any CPU
	EndGlobalSection
EndGlobal
